// !$*UTF8*$!
{
	archiveVersion = 1;
	classes = {
	};
	objectVersion = 50;
	objects = {

/* Begin PBXBuildFile section */
		034D279C24E623D100556582 /* AppDelegate.swift in Sources */ = {isa = PBXBuildFile; fileRef = 034D279B24E623D100556582 /* AppDelegate.swift */; };
		034D279E24E623D100556582 /* SceneDelegate.swift in Sources */ = {isa = PBXBuildFile; fileRef = 034D279D24E623D100556582 /* SceneDelegate.swift */; };
		034D27A024E623D100556582 /* EmojiArtDocumentView.swift in Sources */ = {isa = PBXBuildFile; fileRef = 034D279F24E623D100556582 /* EmojiArtDocumentView.swift */; };
		034D27A224E623D500556582 /* Assets.xcassets in Resources */ = {isa = PBXBuildFile; fileRef = 034D27A124E623D500556582 /* Assets.xcassets */; };
		034D27A524E623D500556582 /* Preview Assets.xcassets in Resources */ = {isa = PBXBuildFile; fileRef = 034D27A424E623D500556582 /* Preview Assets.xcassets */; };
		034D27A824E623D500556582 /* LaunchScreen.storyboard in Resources */ = {isa = PBXBuildFile; fileRef = 034D27A624E623D500556582 /* LaunchScreen.storyboard */; };
		034D27B024E6240500556582 /* EmojiArtDocument.swift in Sources */ = {isa = PBXBuildFile; fileRef = 034D27AF24E6240500556582 /* EmojiArtDocument.swift */; };
		034D27B224E75F5600556582 /* EmojiArt.swift in Sources */ = {isa = PBXBuildFile; fileRef = 034D27B124E75F5500556582 /* EmojiArt.swift */; };
		034D27B424E7693E00556582 /* EmojiArtExtensions.swift in Sources */ = {isa = PBXBuildFile; fileRef = 034D27B324E7693E00556582 /* EmojiArtExtensions.swift */; };
		034D27B624F03F1800556582 /* OptionalImage.swift in Sources */ = {isa = PBXBuildFile; fileRef = 034D27B524F03F1800556582 /* OptionalImage.swift */; };
		034D27B824F0625A00556582 /* AnimatableSystemFontModifier.swift in Sources */ = {isa = PBXBuildFile; fileRef = 034D27B724F0625A00556582 /* AnimatableSystemFontModifier.swift */; };
/* End PBXBuildFile section */

/* Begin PBXFileReference section */
		034D279824E623D100556582 /* EmojiArt.app */ = {isa = PBXFileReference; explicitFileType = wrapper.application; includeInIndex = 0; path = EmojiArt.app; sourceTree = BUILT_PRODUCTS_DIR; };
		034D279B24E623D100556582 /* AppDelegate.swift */ = {isa = PBXFileReference; lastKnownFileType = sourcecode.swift; path = AppDelegate.swift; sourceTree = "<group>"; };
		034D279D24E623D100556582 /* SceneDelegate.swift */ = {isa = PBXFileReference; lastKnownFileType = sourcecode.swift; path = SceneDelegate.swift; sourceTree = "<group>"; };
		034D279F24E623D100556582 /* EmojiArtDocumentView.swift */ = {isa = PBXFileReference; lastKnownFileType = sourcecode.swift; path = EmojiArtDocumentView.swift; sourceTree = "<group>"; };
		034D27A124E623D500556582 /* Assets.xcassets */ = {isa = PBXFileReference; lastKnownFileType = folder.assetcatalog; path = Assets.xcassets; sourceTree = "<group>"; };
		034D27A424E623D500556582 /* Preview Assets.xcassets */ = {isa = PBXFileReference; lastKnownFileType = folder.assetcatalog; path = "Preview Assets.xcassets"; sourceTree = "<group>"; };
		034D27A724E623D500556582 /* Base */ = {isa = PBXFileReference; lastKnownFileType = file.storyboard; name = Base; path = Base.lproj/LaunchScreen.storyboard; sourceTree = "<group>"; };
		034D27A924E623D500556582 /* Info.plist */ = {isa = PBXFileReference; lastKnownFileType = text.plist.xml; path = Info.plist; sourceTree = "<group>"; };
		034D27AF24E6240500556582 /* EmojiArtDocument.swift */ = {isa = PBXFileReference; lastKnownFileType = sourcecode.swift; path = EmojiArtDocument.swift; sourceTree = "<group>"; };
		034D27B124E75F5500556582 /* EmojiArt.swift */ = {isa = PBXFileReference; lastKnownFileType = sourcecode.swift; path = EmojiArt.swift; sourceTree = "<group>"; };
		034D27B324E7693E00556582 /* EmojiArtExtensions.swift */ = {isa = PBXFileReference; lastKnownFileType = sourcecode.swift; path = EmojiArtExtensions.swift; sourceTree = "<group>"; };
		034D27B524F03F1800556582 /* OptionalImage.swift */ = {isa = PBXFileReference; lastKnownFileType = sourcecode.swift; path = OptionalImage.swift; sourceTree = "<group>"; };
		034D27B724F0625A00556582 /* AnimatableSystemFontModifier.swift */ = {isa = PBXFileReference; lastKnownFileType = sourcecode.swift; path = AnimatableSystemFontModifier.swift; sourceTree = "<group>"; };
/* End PBXFileReference section */

/* Begin PBXFrameworksBuildPhase section */
		034D279524E623D100556582 /* Frameworks */ = {
			isa = PBXFrameworksBuildPhase;
			buildActionMask = 2147483647;
			files = (
			);
			runOnlyForDeploymentPostprocessing = 0;
		};
/* End PBXFrameworksBuildPhase section */

/* Begin PBXGroup section */
		034D278F24E623D100556582 = {
			isa = PBXGroup;
			children = (
				034D279A24E623D100556582 /* EmojiArt */,
				034D279924E623D100556582 /* Products */,
			);
			sourceTree = "<group>";
		};
		034D279924E623D100556582 /* Products */ = {
			isa = PBXGroup;
			children = (
				034D279824E623D100556582 /* EmojiArt.app */,
			);
			name = Products;
			sourceTree = "<group>";
		};
		034D279A24E623D100556582 /* EmojiArt */ = {
			isa = PBXGroup;
			children = (
				034D27AF24E6240500556582 /* EmojiArtDocument.swift */,
				034D279F24E623D100556582 /* EmojiArtDocumentView.swift */,
				034D27B524F03F1800556582 /* OptionalImage.swift */,
				034D27B124E75F5500556582 /* EmojiArt.swift */,
				034D279B24E623D100556582 /* AppDelegate.swift */,
				034D279D24E623D100556582 /* SceneDelegate.swift */,
				034D27B724F0625A00556582 /* AnimatableSystemFontModifier.swift */,
				034D27B324E7693E00556582 /* EmojiArtExtensions.swift */,
				034D27A124E623D500556582 /* Assets.xcassets */,
				034D27A624E623D500556582 /* LaunchScreen.storyboard */,
				034D27A924E623D500556582 /* Info.plist */,
				034D27A324E623D500556582 /* Preview Content */,
			);
			path = EmojiArt;
			sourceTree = "<group>";
		};
		034D27A324E623D500556582 /* Preview Content */ = {
			isa = PBXGroup;
			children = (
				034D27A424E623D500556582 /* Preview Assets.xcassets */,
			);
			path = "Preview Content";
			sourceTree = "<group>";
		};
/* End PBXGroup section */

/* Begin PBXNativeTarget section */
		034D279724E623D100556582 /* EmojiArt */ = {
			isa = PBXNativeTarget;
			buildConfigurationList = 034D27AC24E623D500556582 /* Build configuration list for PBXNativeTarget "EmojiArt" */;
			buildPhases = (
				034D279424E623D100556582 /* Sources */,
				034D279524E623D100556582 /* Frameworks */,
				034D279624E623D100556582 /* Resources */,
			);
			buildRules = (
			);
			dependencies = (
			);
			name = EmojiArt;
			productName = EmojiArt;
			productReference = 034D279824E623D100556582 /* EmojiArt.app */;
			productType = "com.apple.product-type.application";
		};
/* End PBXNativeTarget section */

/* Begin PBXProject section */
		034D279024E623D100556582 /* Project object */ = {
			isa = PBXProject;
			attributes = {
				LastSwiftUpdateCheck = 1160;
				LastUpgradeCheck = 1160;
				ORGANIZATIONNAME = "Max Matiushchenko";
				TargetAttributes = {
					034D279724E623D100556582 = {
						CreatedOnToolsVersion = 11.6;
					};
				};
			};
			buildConfigurationList = 034D279324E623D100556582 /* Build configuration list for PBXProject "EmojiArt" */;
			compatibilityVersion = "Xcode 9.3";
			developmentRegion = en;
			hasScannedForEncodings = 0;
			knownRegions = (
				en,
				Base,
			);
			mainGroup = 034D278F24E623D100556582;
			productRefGroup = 034D279924E623D100556582 /* Products */;
			projectDirPath = "";
			projectRoot = "";
			targets = (
				034D279724E623D100556582 /* EmojiArt */,
			);
		};
/* End PBXProject section */

/* Begin PBXResourcesBuildPhase section */
		034D279624E623D100556582 /* Resources */ = {
			isa = PBXResourcesBuildPhase;
			buildActionMask = 2147483647;
			files = (
				034D27A824E623D500556582 /* LaunchScreen.storyboard in Resources */,
				034D27A524E623D500556582 /* Preview Assets.xcassets in Resources */,
				034D27A224E623D500556582 /* Assets.xcassets in Resources */,
			);
			runOnlyForDeploymentPostprocessing = 0;
		};
/* End PBXResourcesBuildPhase section */

/* Begin PBXSourcesBuildPhase section */
		034D279424E623D100556582 /* Sources */ = {
			isa = PBXSourcesBuildPhase;
			buildActionMask = 2147483647;
			files = (
				034D279C24E623D100556582 /* AppDelegate.swift in Sources */,
				034D279E24E623D100556582 /* SceneDelegate.swift in Sources */,
				034D27B424E7693E00556582 /* EmojiArtExtensions.swift in Sources */,
				034D27B224E75F5600556582 /* EmojiArt.swift in Sources */,
				034D27A024E623D100556582 /* EmojiArtDocumentView.swift in Sources */,
				034D27B624F03F1800556582 /* OptionalImage.swift in Sources */,
				034D27B824F0625A00556582 /* AnimatableSystemFontModifier.swift in Sources */,
				034D27B024E6240500556582 /* EmojiArtDocument.swift in Sources */,
			);
			runOnlyForDeploymentPostprocessing = 0;
		};
/* End PBXSourcesBuildPhase section */

/* Begin PBXVariantGroup section */
		034D27A624E623D500556582 /* LaunchScreen.storyboard */ = {
			isa = PBXVariantGroup;
			children = (
				034D27A724E623D500556582 /* Base */,
			);
			name = LaunchScreen.storyboard;
			sourceTree = "<group>";
		};
/* End PBXVariantGroup section */

/* Begin XCBuildConfiguration section */
		034D27AA24E623D500556582 /* Debug */ = {
			isa = XCBuildConfiguration;
			buildSettings = {
				ALWAYS_SEARCH_USER_PATHS = NO;
				CLANG_ANALYZER_NONNULL = YES;
				CLANG_ANALYZER_NUMBER_OBJECT_CONVERSION = YES_AGGRESSIVE;
				CLANG_CXX_LANGUAGE_STANDARD = "gnu++14";
				CLANG_CXX_LIBRARY = "libc++";
				CLANG_ENABLE_MODULES = YES;
				CLANG_ENABLE_OBJC_ARC = YES;
				CLANG_ENABLE_OBJC_WEAK = YES;
				CLANG_WARN_BLOCK_CAPTURE_AUTORELEASING = YES;
				CLANG_WARN_BOOL_CONVERSION = YES;
				CLANG_WARN_COMMA = YES;
				CLANG_WARN_CONSTANT_CONVERSION = YES;
				CLANG_WARN_DEPRECATED_OBJC_IMPLEMENTATIONS = YES;
				CLANG_WARN_DIRECT_OBJC_ISA_USAGE = YES_ERROR;
				CLANG_WARN_DOCUMENTATION_COMMENTS = YES;
				CLANG_WARN_EMPTY_BODY = YES;
				CLANG_WARN_ENUM_CONVERSION = YES;
				CLANG_WARN_INFINITE_RECURSION = YES;
				CLANG_WARN_INT_CONVERSION = YES;
				CLANG_WARN_NON_LITERAL_NULL_CONVERSION = YES;
				CLANG_WARN_OBJC_IMPLICIT_RETAIN_SELF = YES;
				CLANG_WARN_OBJC_LITERAL_CONVERSION = YES;
				CLANG_WARN_OBJC_ROOT_CLASS = YES_ERROR;
				CLANG_WARN_RANGE_LOOP_ANALYSIS = YES;
				CLANG_WARN_STRICT_PROTOTYPES = YES;
				CLANG_WARN_SUSPICIOUS_MOVE = YES;
				CLANG_WARN_UNGUARDED_AVAILABILITY = YES_AGGRESSIVE;
				CLANG_WARN_UNREACHABLE_CODE = YES;
				CLANG_WARN__DUPLICATE_METHOD_MATCH = YES;
				COPY_PHASE_STRIP = NO;
				DEBUG_INFORMATION_FORMAT = dwarf;
				ENABLE_STRICT_OBJC_MSGSEND = YES;
				ENABLE_TESTABILITY = YES;
				GCC_C_LANGUAGE_STANDARD = gnu11;
				GCC_DYNAMIC_NO_PIC = NO;
				GCC_NO_COMMON_BLOCKS = YES;
				GCC_OPTIMIZATION_LEVEL = 0;
				GCC_PREPROCESSOR_DEFINITIONS = (
					"DEBUG=1",
					"$(inherited)",
				);
				GCC_WARN_64_TO_32_BIT_CONVERSION = YES;
				GCC_WARN_ABOUT_RETURN_TYPE = YES_ERROR;
				GCC_WARN_UNDECLARED_SELECTOR = YES;
				GCC_WARN_UNINITIALIZED_AUTOS = YES_AGGRESSIVE;
				GCC_WARN_UNUSED_FUNCTION = YES;
				GCC_WARN_UNUSED_VARIABLE = YES;
				IPHONEOS_DEPLOYMENT_TARGET = 13.6;
				MTL_ENABLE_DEBUG_INFO = INCLUDE_SOURCE;
				MTL_FAST_MATH = YES;
				ONLY_ACTIVE_ARCH = YES;
				SDKROOT = iphoneos;
				SWIFT_ACTIVE_COMPILATION_CONDITIONS = DEBUG;
				SWIFT_OPTIMIZATION_LEVEL = "-Onone";
			};
			name = Debug;
		};
		034D27AB24E623D500556582 /* Release */ = {
			isa = XCBuildConfiguration;
			buildSettings = {
				ALWAYS_SEARCH_USER_PATHS = NO;
				CLANG_ANALYZER_NONNULL = YES;
				CLANG_ANALYZER_NUMBER_OBJECT_CONVERSION = YES_AGGRESSIVE;
				CLANG_CXX_LANGUAGE_STANDARD = "gnu++14";
				CLANG_CXX_LIBRARY = "libc++";
				CLANG_ENABLE_MODULES = YES;
				CLANG_ENABLE_OBJC_ARC = YES;
				CLANG_ENABLE_OBJC_WEAK = YES;
				CLANG_WARN_BLOCK_CAPTURE_AUTORELEASING = YES;
				CLANG_WARN_BOOL_CONVERSION = YES;
				CLANG_WARN_COMMA = YES;
				CLANG_WARN_CONSTANT_CONVERSION = YES;
				CLANG_WARN_DEPRECATED_OBJC_IMPLEMENTATIONS = YES;
				CLANG_WARN_DIRECT_OBJC_ISA_USAGE = YES_ERROR;
				CLANG_WARN_DOCUMENTATION_COMMENTS = YES;
				CLANG_WARN_EMPTY_BODY = YES;
				CLANG_WARN_ENUM_CONVERSION = YES;
				CLANG_WARN_INFINITE_RECURSION = YES;
				CLANG_WARN_INT_CONVERSION = YES;
				CLANG_WARN_NON_LITERAL_NULL_CONVERSION = YES;
				CLANG_WARN_OBJC_IMPLICIT_RETAIN_SELF = YES;
				CLANG_WARN_OBJC_LITERAL_CONVERSION = YES;
				CLANG_WARN_OBJC_ROOT_CLASS = YES_ERROR;
				CLANG_WARN_RANGE_LOOP_ANALYSIS = YES;
				CLANG_WARN_STRICT_PROTOTYPES = YES;
				CLANG_WARN_SUSPICIOUS_MOVE = YES;
				CLANG_WARN_UNGUARDED_AVAILABILITY = YES_AGGRESSIVE;
				CLANG_WARN_UNREACHABLE_CODE = YES;
				CLANG_WARN__DUPLICATE_METHOD_MATCH = YES;
				COPY_PHASE_STRIP = NO;
				DEBUG_INFORMATION_FORMAT = "dwarf-with-dsym";
				ENABLE_NS_ASSERTIONS = NO;
				ENABLE_STRICT_OBJC_MSGSEND = YES;
				GCC_C_LANGUAGE_STANDARD = gnu11;
				GCC_NO_COMMON_BLOCKS = YES;
				GCC_WARN_64_TO_32_BIT_CONVERSION = YES;
				GCC_WARN_ABOUT_RETURN_TYPE = YES_ERROR;
				GCC_WARN_UNDECLARED_SELECTOR = YES;
				GCC_WARN_UNINITIALIZED_AUTOS = YES_AGGRESSIVE;
				GCC_WARN_UNUSED_FUNCTION = YES;
				GCC_WARN_UNUSED_VARIABLE = YES;
				IPHONEOS_DEPLOYMENT_TARGET = 13.6;
				MTL_ENABLE_DEBUG_INFO = NO;
				MTL_FAST_MATH = YES;
				SDKROOT = iphoneos;
				SWIFT_COMPILATION_MODE = wholemodule;
				SWIFT_OPTIMIZATION_LEVEL = "-O";
				VALIDATE_PRODUCT = YES;
			};
			name = Release;
		};
		034D27AD24E623D500556582 /* Debug */ = {
			isa = XCBuildConfiguration;
			buildSettings = {
				ASSETCATALOG_COMPILER_APPICON_NAME = AppIcon;
				CODE_SIGN_STYLE = Automatic;
				DEVELOPMENT_ASSET_PATHS = "\"EmojiArt/Preview Content\"";
				DEVELOPMENT_TEAM = 8QMURK9V3B;
				ENABLE_PREVIEWS = YES;
				INFOPLIST_FILE = EmojiArt/Info.plist;
				LD_RUNPATH_SEARCH_PATHS = (
					"$(inherited)",
					"@executable_path/Frameworks",
				);
				PRODUCT_BUNDLE_IDENTIFIER = mm.EmojiArt;
				PRODUCT_NAME = "$(TARGET_NAME)";
				SWIFT_VERSION = 5.0;
				TARGETED_DEVICE_FAMILY = "1,2";
			};
			name = Debug;
		};
		034D27AE24E623D500556582 /* Release */ = {
			isa = XCBuildConfiguration;
			buildSettings = {
				ASSETCATALOG_COMPILER_APPICON_NAME = AppIcon;
				CODE_SIGN_STYLE = Automatic;
				DEVELOPMENT_ASSET_PATHS = "\"EmojiArt/Preview Content\"";
				DEVELOPMENT_TEAM = 8QMURK9V3B;
				ENABLE_PREVIEWS = YES;
				INFOPLIST_FILE = EmojiArt/Info.plist;
				LD_RUNPATH_SEARCH_PATHS = (
					"$(inherited)",
					"@executable_path/Frameworks",
				);
				PRODUCT_BUNDLE_IDENTIFIER = mm.EmojiArt;
				PRODUCT_NAME = "$(TARGET_NAME)";
				SWIFT_VERSION = 5.0;
				TARGETED_DEVICE_FAMILY = "1,2";
			};
			name = Release;
		};
/* End XCBuildConfiguration section */

/* Begin XCConfigurationList section */
		034D279324E623D100556582 /* Build configuration list for PBXProject "EmojiArt" */ = {
			isa = XCConfigurationList;
			buildConfigurations = (
				034D27AA24E623D500556582 /* Debug */,
				034D27AB24E623D500556582 /* Release */,
			);
			defaultConfigurationIsVisible = 0;
			defaultConfigurationName = Release;
		};
		034D27AC24E623D500556582 /* Build configuration list for PBXNativeTarget "EmojiArt" */ = {
			isa = XCConfigurationList;
			buildConfigurations = (
				034D27AD24E623D500556582 /* Debug */,
				034D27AE24E623D500556582 /* Release */,
			);
			defaultConfigurationIsVisible = 0;
			defaultConfigurationName = Release;
		};
/* End XCConfigurationList section */
	};
	rootObject = 034D279024E623D100556582 /* Project object */;
}
